
Microsoft Visual Studio Solution File, Format Version 12.00
# Visual Studio Version 17
VisualStudioVersion = 17.7.34018.315
MinimumVisualStudioVersion = 10.0.40219.1
Project("{9A19103F-16F7-4668-BE54-9A1E7A4F7556}") = "DBFirstCore.DataAccessLayer", "DBFirstCore.DataAccessLayer\DBFirstCore.DataAccessLayer.csproj", "{F88202D1-AF46-4464-953A-B6869B2457F5}"
EndProject
Project("{9A19103F-16F7-4668-BE54-9A1E7A4F7556}") = "PolyClinicConsoleApp", "PolyClinicConsoleApp\PolyClinicConsoleApp.csproj", "{9E7D9C39-4B26-441C-BF10-869C1BF86B00}"
EndProject
Project("{FAE04EC0-301F-11D3-BF4B-00C04F79EFBC}") = "ConsoleApp1", "ConsoleApp1\ConsoleApp1.csproj", "{96A00BB4-FE82-4F8A-8C28-0C186AB2253C}"
EndProject
Global
	GlobalSection(SolutionConfigurationPlatforms) = preSolution
		Debug|Any CPU = Debug|Any CPU
		Release|Any CPU = Release|Any CPU
	EndGlobalSection
	GlobalSection(ProjectConfigurationPlatforms) = postSolution
		{F88202D1-AF46-4464-953A-B6869B2457F5}.Debug|Any CPU.ActiveCfg = Debug|Any CPU
		{F88202D1-AF46-4464-953A-B6869B2457F5}.Debug|Any CPU.Build.0 = Debug|Any CPU
		{F88202D1-AF46-4464-953A-B6869B2457F5}.Release|Any CPU.ActiveCfg = Release|Any CPU
		{F88202D1-AF46-4464-953A-B6869B2457F5}.Release|Any CPU.Build.0 = Release|Any CPU
		{9E7D9C39-4B26-441C-BF10-869C1BF86B00}.Debug|Any CPU.ActiveCfg = Debug|Any CPU
		{9E7D9C39-4B26-441C-BF10-869C1BF86B00}.Debug|Any CPU.Build.0 = Debug|Any CPU
		{9E7D9C39-4B26-441C-BF10-869C1BF86B00}.Release|Any CPU.ActiveCfg = Release|Any CPU
		{9E7D9C39-4B26-441C-BF10-869C1BF86B00}.Release|Any CPU.Build.0 = Release|Any CPU
		{96A00BB4-FE82-4F8A-8C28-0C186AB2253C}.Debug|Any CPU.ActiveCfg = Debug|Any CPU
		{96A00BB4-FE82-4F8A-8C28-0C186AB2253C}.Debug|Any CPU.Build.0 = Debug|Any CPU
		{96A00BB4-FE82-4F8A-8C28-0C186AB2253C}.Release|Any CPU.ActiveCfg = Release|Any CPU
		{96A00BB4-FE82-4F8A-8C28-0C186AB2253C}.Release|Any CPU.Build.0 = Release|Any CPU
	EndGlobalSection
	GlobalSection(SolutionProperties) = preSolution
		HideSolutionNode = FALSE
	EndGlobalSection
	GlobalSection(ExtensibilityGlobals) = postSolution
		SolutionGuid = {8F782E8A-A5F5-4E63-9477-53CAA2793B8D}
	EndGlobalSection
EndGlobal
